# This file is automatically @generated by Cargo.
# It is not intended for manual editing.
[[package]]
name = "rox"
version = "0.0.1"
dependencies = [
 "yotsuba 0.0.1 (registry+https://github.com/rust-lang/crates.io-index)",
]

[[package]]
name = "yotsuba"
version = "0.0.1"
source = "registry+https://github.com/rust-lang/crates.io-index"

[metadata]
"checksum yotsuba 0.0.1 (registry+https://github.com/rust-lang/crates.io-index)" = "21ea673900c35fbe97ac963fab29901ccc07b38ae18cceb8cc4e881f7813de60"
